# This file is automatically @generated by Cargo.
# It is not intended for manual editing.
version = 4

[[package]]
name = "north-archtests"
version = "0.1.0"

[[package]]
name = "north-daemon"
version = "0.1.0"

[[package]]
name = "north-domain"
version = "0.1.0"

[[package]]
name = "north-persistence"
version = "0.1.0"

[[package]]
name = "north-protocol"
version = "0.1.0"

[[package]]
name = "north-server"
version = "0.1.0"
